<?xml version="1.0" encoding="utf-8"?>
<Project ToolsVersion="4.0" xmlns="http://schemas.microsoft.com/developer/msbuild/2003">
  <ItemGroup>
    <Filter Include="Source Files">
      <UniqueIdentifier>{4FC737F1-C7A5-4376-A066-2A32D752A2FF}</UniqueIdentifier>
      <Extensions>cpp;c;cc;cxx;c++;cppm;ixx;def;odl;idl;hpj;bat;asm;asmx</Extensions>
    </Filter>
    <Filter Include="Header Files">
      <UniqueIdentifier>{93995380-89BD-4b04-88EB-625FBE52EBFB}</UniqueIdentifier>
      <Extensions>h;hh;hpp;hxx;h++;hm;inl;inc;ipp;xsd</Extensions>
    </Filter>
    <Filter Include="Resource Files">
      <UniqueIdentifier>{67DA6AB6-F800-4c08-8B7A-83BB121AAD01}</UniqueIdentifier>
      <Extensions>rc;ico;cur;bmp;dlg;rc2;rct;bin;rgs;gif;jpg;jpeg;jpe;resx;tiff;tif;png;wav;mfcribbon-ms</Extensions>
    </Filter>
    <Filter Include="Header Files\gui">
      <UniqueIdentifier>{dad8ba43-0754-4e75-8425-9a02ea32abb7}</UniqueIdentifier>
    </Filter>
    <Filter Include="Header Files\helper">
      <UniqueIdentifier>{937c91d8-3bbe-4dbc-83a3-525f11e9440b}</UniqueIdentifier>
    </Filter>
    <Filter Include="Header Files\minhook">
      <UniqueIdentifier>{0f941a1f-db6c-4614-a17c-ec1ceadb8b90}</UniqueIdentifier>
    </Filter>
    <Filter Include="Header Files\mk">
      <UniqueIdentifier>{6fc2d1eb-bd1d-4ea3-81dd-6ea4a76210c1}</UniqueIdentifier>
    </Filter>
    <Filter Include="Header Files\utils">
      <UniqueIdentifier>{90f47f4e-31a4-4d33-8d8d-2d8d45b1308b}</UniqueIdentifier>
    </Filter>
    <Filter Include="Header Files\unreal">
      <UniqueIdentifier>{9ad5d9d7-76ce-44e1-abf4-3a66bde3487f}</UniqueIdentifier>
    </Filter>
    <Filter Include="Header Files\plugin">
      <UniqueIdentifier>{f8a3eb8c-eb16-4af6-87ff-00de4618c644}</UniqueIdentifier>
    </Filter>
    <Filter Include="Header Files\gui\imgui">
      <UniqueIdentifier>{74fa07d0-c0eb-4db3-b641-3980c1e6082f}</UniqueIdentifier>
    </Filter>
    <Filter Include="Header Files\steam">
      <UniqueIdentifier>{d7357768-ccf5-4652-9a88-7b858757ad0c}</UniqueIdentifier>
    </Filter>
  </ItemGroup>
  <ItemGroup>
    <ClInclude Include="framework.h">
      <Filter>Header Files</Filter>
    </ClInclude>
    <ClInclude Include="pch.h">
      <Filter>Header Files</Filter>
    </ClInclude>
    <ClInclude Include="utils\addr.h">
      <Filter>Header Files\utils</Filter>
    </ClInclude>
    <ClInclude Include="utils\core.h">
      <Filter>Header Files\utils</Filter>
    </ClInclude>
    <ClInclude Include="utils\IniReader.h">
      <Filter>Header Files\utils</Filter>
    </ClInclude>
    <ClInclude Include="utils\MemoryMgr.h">
      <Filter>Header Files\utils</Filter>
    </ClInclude>
    <ClInclude Include="utils\Patterns.h">
      <Filter>Header Files\utils</Filter>
    </ClInclude>
    <ClInclude Include="utils\Trampoline.h">
      <Filter>Header Files\utils</Filter>
    </ClInclude>
    <ClInclude Include="plugin\API.h">
      <Filter>Header Files\plugin</Filter>
    </ClInclude>
    <ClInclude Include="plugin\Hooks.h">
      <Filter>Header Files\plugin</Filter>
    </ClInclude>
    <ClInclude Include="plugin\Menu.h">
      <Filter>Header Files\plugin</Filter>
    </ClInclude>
    <ClInclude Include="plugin\PatternSolver.h">
      <Filter>Header Files\plugin</Filter>
    </ClInclude>
    <ClInclude Include="plugin\PluginInterface.h">
      <Filter>Header Files\plugin</Filter>
    </ClInclude>
    <ClInclude Include="plugin\Settings.h">
      <Filter>Header Files\plugin</Filter>
    </ClInclude>
    <ClInclude Include="gui\const.h">
      <Filter>Header Files\gui</Filter>
    </ClInclude>
    <ClInclude Include="gui\dx12hook.h">
      <Filter>Header Files\gui</Filter>
    </ClInclude>
    <ClInclude Include="gui\font.h">
      <Filter>Header Files\gui</Filter>
    </ClInclude>
    <ClInclude Include="gui\gui_impl.h">
      <Filter>Header Files\gui</Filter>
    </ClInclude>
    <ClInclude Include="gui\log.h">
      <Filter>Header Files\gui</Filter>
    </ClInclude>
    <ClInclude Include="gui\notifications.h">
      <Filter>Header Files\gui</Filter>
    </ClInclude>
    <ClInclude Include="gui\imgui\imconfig.h">
      <Filter>Header Files\gui\imgui</Filter>
    </ClInclude>
    <ClInclude Include="gui\imgui\imgui.h">
      <Filter>Header Files\gui\imgui</Filter>
    </ClInclude>
    <ClInclude Include="gui\imgui\imgui_impl_dx11.h">
      <Filter>Header Files\gui\imgui</Filter>
    </ClInclude>
    <ClInclude Include="gui\imgui\imgui_impl_dx12.h">
      <Filter>Header Files\gui\imgui</Filter>
    </ClInclude>
    <ClInclude Include="gui\imgui\imgui_impl_win32.h">
      <Filter>Header Files\gui\imgui</Filter>
    </ClInclude>
    <ClInclude Include="gui\imgui\imgui_internal.h">
      <Filter>Header Files\gui\imgui</Filter>
    </ClInclude>
    <ClInclude Include="gui\imgui\imstb_rectpack.h">
      <Filter>Header Files\gui\imgui</Filter>
    </ClInclude>
    <ClInclude Include="gui\imgui\imstb_textedit.h">
      <Filter>Header Files\gui\imgui</Filter>
    </ClInclude>
    <ClInclude Include="gui\imgui\imstb_truetype.h">
      <Filter>Header Files\gui\imgui</Filter>
    </ClInclude>
    <ClInclude Include="helper\eGamepadManager.h">
      <Filter>Header Files\helper</Filter>
    </ClInclude>
    <ClInclude Include="helper\eKeyboardMan.h">
      <Filter>Header Files\helper</Filter>
    </ClInclude>
    <ClInclude Include="helper\eMath.h">
      <Filter>Header Files\helper</Filter>
    </ClInclude>
    <ClInclude Include="helper\eMouse.h">
      <Filter>Header Files\helper</Filter>
    </ClInclude>
    <ClInclude Include="minhook\src\buffer.h">
      <Filter>Header Files\minhook</Filter>
    </ClInclude>
    <ClInclude Include="minhook\src\trampoline.h">
      <Filter>Header Files\minhook</Filter>
    </ClInclude>
    <ClInclude Include="minhook\src\hde\hde32.h">
      <Filter>Header Files\minhook</Filter>
    </ClInclude>
    <ClInclude Include="minhook\src\hde\hde64.h">
      <Filter>Header Files\minhook</Filter>
    </ClInclude>
    <ClInclude Include="minhook\src\hde\pstdint.h">
      <Filter>Header Files\minhook</Filter>
    </ClInclude>
    <ClInclude Include="minhook\src\hde\table32.h">
      <Filter>Header Files\minhook</Filter>
    </ClInclude>
    <ClInclude Include="minhook\src\hde\table64.h">
      <Filter>Header Files\minhook</Filter>
    </ClInclude>
    <ClInclude Include="unreal\FMath.h">
      <Filter>Header Files\unreal</Filter>
    </ClInclude>
    <ClInclude Include="unreal\FMatrix.h">
      <Filter>Header Files\unreal</Filter>
    </ClInclude>
    <ClInclude Include="unreal\FName.h">
      <Filter>Header Files\unreal</Filter>
    </ClInclude>
    <ClInclude Include="unreal\FQuat.h">
      <Filter>Header Files\unreal</Filter>
    </ClInclude>
    <ClInclude Include="unreal\FRotator.h">
      <Filter>Header Files\unreal</Filter>
    </ClInclude>
    <ClInclude Include="unreal\FVector.h">
      <Filter>Header Files\unreal</Filter>
    </ClInclude>
    <ClInclude Include="unreal\SkeletalMesh.h">
      <Filter>Header Files\unreal</Filter>
    </ClInclude>
    <ClInclude Include="unreal\TArray.h">
      <Filter>Header Files\unreal</Filter>
    </ClInclude>
    <ClInclude Include="utils.h">
      <Filter>Header Files</Filter>
    </ClInclude>
    <ClInclude Include="mk\CharacterDefinition.h">
      <Filter>Header Files\mk</Filter>
    </ClInclude>
    <ClInclude Include="mk\Engine.h">
      <Filter>Header Files\mk</Filter>
    </ClInclude>
    <ClInclude Include="mk\GameInfo.h">
      <Filter>Header Files\mk</Filter>
    </ClInclude>
    <ClInclude Include="mk\MKCamera.h">
      <Filter>Header Files\mk</Filter>
    </ClInclude>
    <ClInclude Include="mk\MKCharacter.h">
      <Filter>Header Files\mk</Filter>
    </ClInclude>
    <ClInclude Include="mk\MKObject.h">
      <Filter>Header Files\mk</Filter>
    </ClInclude>
    <ClInclude Include="mk\PlayerInfo.h">
      <Filter>Header Files\mk</Filter>
    </ClInclude>
    <ClInclude Include="unreal\FEngineLoop.h">
      <Filter>Header Files\unreal</Filter>
    </ClInclude>
    <ClInclude Include="mk\MissionInfo.h">
      <Filter>Header Files\mk</Filter>
    </ClInclude>
    <ClInclude Include="resource.h">
      <Filter>Header Files</Filter>
    </ClInclude>
    <ClInclude Include="unreal\FString.h">
      <Filter>Header Files\unreal</Filter>
    </ClInclude>
    <ClInclude Include="mk\FightingTeamDefinition.h">
      <Filter>Header Files\mk</Filter>
    </ClInclude>
    <ClInclude Include="steam\AppsCommon.h">
      <Filter>Header Files\steam</Filter>
    </ClInclude>
    <ClInclude Include="steam\AppTicketCommon.h">
      <Filter>Header Files\steam</Filter>
    </ClInclude>
    <ClInclude Include="steam\BillingCommon.h">
      <Filter>Header Files\steam</Filter>
    </ClInclude>
    <ClInclude Include="steam\BridgeCommon.h">
      <Filter>Header Files\steam</Filter>
    </ClInclude>
    <ClInclude Include="steam\CCallback.h">
      <Filter>Header Files\steam</Filter>
    </ClInclude>
    <ClInclude Include="steam\CGameID.h">
      <Filter>Header Files\steam</Filter>
    </ClInclude>
    <ClInclude Include="steam\ClientCommon.h">
      <Filter>Header Files\steam</Filter>
    </ClInclude>
    <ClInclude Include="steam\ContentServerCommon.h">
      <Filter>Header Files\steam</Filter>
    </ClInclude>
    <ClInclude Include="steam\ControllerCommon.h">
      <Filter>Header Files\steam</Filter>
    </ClInclude>
    <ClInclude Include="steam\CSteamAPIContext.h">
      <Filter>Header Files\steam</Filter>
    </ClInclude>
    <ClInclude Include="steam\CSteamID.h">
      <Filter>Header Files\steam</Filter>
    </ClInclude>
    <ClInclude Include="steam\ECurrencyCode.h">
      <Filter>Header Files\steam</Filter>
    </ClInclude>
    <ClInclude Include="steam\EResult.h">
      <Filter>Header Files\steam</Filter>
    </ClInclude>
    <ClInclude Include="steam\ESteamAppUpdateStatsQueryType.h">
      <Filter>Header Files\steam</Filter>
    </ClInclude>
    <ClInclude Include="steam\ESteamBufferMethod.h">
      <Filter>Header Files\steam</Filter>
    </ClInclude>
    <ClInclude Include="steam\ESteamError.h">
      <Filter>Header Files\steam</Filter>
    </ClInclude>
    <ClInclude Include="steam\ESteamFindFilter.h">
      <Filter>Header Files\steam</Filter>
    </ClInclude>
    <ClInclude Include="steam\ESteamNotify.h">
      <Filter>Header Files\steam</Filter>
    </ClInclude>
    <ClInclude Include="steam\ESteamPaymentCardType.h">
      <Filter>Header Files\steam</Filter>
    </ClInclude>
    <ClInclude Include="steam\ESteamSeekMethod.h">
      <Filter>Header Files\steam</Filter>
    </ClInclude>
    <ClInclude Include="steam\ESteamServerType.h">
      <Filter>Header Files\steam</Filter>
    </ClInclude>
    <ClInclude Include="steam\ESteamSubscriptionBillingInfoType.h">
      <Filter>Header Files\steam</Filter>
    </ClInclude>
    <ClInclude Include="steam\ESteamSubscriptionStatus.h">
      <Filter>Header Files\steam</Filter>
    </ClInclude>
    <ClInclude Include="steam\EVoiceResult.h">
      <Filter>Header Files\steam</Filter>
    </ClInclude>
    <ClInclude Include="steam\FriendGameInfo.h">
      <Filter>Header Files\steam</Filter>
    </ClInclude>
    <ClInclude Include="steam\FriendsCommon.h">
      <Filter>Header Files\steam</Filter>
    </ClInclude>
    <ClInclude Include="steam\GameCoordinatorCommon.h">
      <Filter>Header Files\steam</Filter>
    </ClInclude>
    <ClInclude Include="steam\GameServerCommon.h">
      <Filter>Header Files\steam</Filter>
    </ClInclude>
    <ClInclude Include="steam\gameserveritem.h">
      <Filter>Header Files\steam</Filter>
    </ClInclude>
    <ClInclude Include="steam\GameServerStatsCommon.h">
      <Filter>Header Files\steam</Filter>
    </ClInclude>
    <ClInclude Include="steam\GameStatsCommon.h">
      <Filter>Header Files\steam</Filter>
    </ClInclude>
    <ClInclude Include="steam\HTTPCommon.h">
      <Filter>Header Files\steam</Filter>
    </ClInclude>
    <ClInclude Include="steam\IClientAppManager.h">
      <Filter>Header Files\steam</Filter>
    </ClInclude>
    <ClInclude Include="steam\IClientApps.h">
      <Filter>Header Files\steam</Filter>
    </ClInclude>
    <ClInclude Include="steam\IClientAudio.h">
      <Filter>Header Files\steam</Filter>
    </ClInclude>
    <ClInclude Include="steam\IClientBilling.h">
      <Filter>Header Files\steam</Filter>
    </ClInclude>
    <ClInclude Include="steam\IClientConfigStore.h">
      <Filter>Header Files\steam</Filter>
    </ClInclude>
    <ClInclude Include="steam\IClientContentServer.h">
      <Filter>Header Files\steam</Filter>
    </ClInclude>
    <ClInclude Include="steam\IClientDepotBuilder.h">
      <Filter>Header Files\steam</Filter>
    </ClInclude>
    <ClInclude Include="steam\IClientDeviceAuth.h">
      <Filter>Header Files\steam</Filter>
    </ClInclude>
    <ClInclude Include="steam\IClientEngine.h">
      <Filter>Header Files\steam</Filter>
    </ClInclude>
    <ClInclude Include="steam\IClientFriends.h">
      <Filter>Header Files\steam</Filter>
    </ClInclude>
    <ClInclude Include="steam\IClientGameCoordinator.h">
      <Filter>Header Files\steam</Filter>
    </ClInclude>
    <ClInclude Include="steam\IClientGameServer.h">
      <Filter>Header Files\steam</Filter>
    </ClInclude>
    <ClInclude Include="steam\IClientGameServerStats.h">
      <Filter>Header Files\steam</Filter>
    </ClInclude>
    <ClInclude Include="steam\IClientGameStats.h">
      <Filter>Header Files\steam</Filter>
    </ClInclude>
    <ClInclude Include="steam\IClientHTTP.h">
      <Filter>Header Files\steam</Filter>
    </ClInclude>
    <ClInclude Include="steam\IClientInventory.h">
      <Filter>Header Files\steam</Filter>
    </ClInclude>
    <ClInclude Include="steam\IClientMasterServerUpdater.h">
      <Filter>Header Files\steam</Filter>
    </ClInclude>
    <ClInclude Include="steam\IClientMatchmaking.h">
      <Filter>Header Files\steam</Filter>
    </ClInclude>
    <ClInclude Include="steam\IClientMatchmakingServers.h">
      <Filter>Header Files\steam</Filter>
    </ClInclude>
    <ClInclude Include="steam\IClientMusic.h">
      <Filter>Header Files\steam</Filter>
    </ClInclude>
    <ClInclude Include="steam\IClientNetworkDeviceManager.h">
      <Filter>Header Files\steam</Filter>
    </ClInclude>
    <ClInclude Include="steam\IClientNetworking.h">
      <Filter>Header Files\steam</Filter>
    </ClInclude>
    <ClInclude Include="steam\IClientProductBuilder.h">
      <Filter>Header Files\steam</Filter>
    </ClInclude>
    <ClInclude Include="steam\IClientRemoteStorage.h">
      <Filter>Header Files\steam</Filter>
    </ClInclude>
    <ClInclude Include="steam\IClientScreenshots.h">
      <Filter>Header Files\steam</Filter>
    </ClInclude>
    <ClInclude Include="steam\IClientShortcuts.h">
      <Filter>Header Files\steam</Filter>
    </ClInclude>
    <ClInclude Include="steam\IClientStreamClient.h">
      <Filter>Header Files\steam</Filter>
    </ClInclude>
    <ClInclude Include="steam\IClientStreamLauncher.h">
      <Filter>Header Files\steam</Filter>
    </ClInclude>
    <ClInclude Include="steam\IClientUGC.h">
      <Filter>Header Files\steam</Filter>
    </ClInclude>
    <ClInclude Include="steam\IClientUnifiedMessages.h">
      <Filter>Header Files\steam</Filter>
    </ClInclude>
    <ClInclude Include="steam\IClientUser.h">
      <Filter>Header Files\steam</Filter>
    </ClInclude>
    <ClInclude Include="steam\IClientUserStats.h">
      <Filter>Header Files\steam</Filter>
    </ClInclude>
    <ClInclude Include="steam\IClientUtils.h">
      <Filter>Header Files\steam</Filter>
    </ClInclude>
    <ClInclude Include="steam\Interface_OSW.h">
      <Filter>Header Files\steam</Filter>
    </ClInclude>
    <ClInclude Include="steam\InventoryCommon.h">
      <Filter>Header Files\steam</Filter>
    </ClInclude>
    <ClInclude Include="steam\ISteam2Bridge001.h">
      <Filter>Header Files\steam</Filter>
    </ClInclude>
    <ClInclude Include="steam\ISteam2Bridge002.h">
      <Filter>Header Files\steam</Filter>
    </ClInclude>
    <ClInclude Include="steam\ISteam003.h">
      <Filter>Header Files\steam</Filter>
    </ClInclude>
    <ClInclude Include="steam\ISteam004.h">
      <Filter>Header Files\steam</Filter>
    </ClInclude>
    <ClInclude Include="steam\ISteam005.h">
      <Filter>Header Files\steam</Filter>
    </ClInclude>
    <ClInclude Include="steam\ISteam006.h">
      <Filter>Header Files\steam</Filter>
    </ClInclude>
    <ClInclude Include="steam\ISteamAppList001.h">
      <Filter>Header Files\steam</Filter>
    </ClInclude>
    <ClInclude Include="steam\ISteamApps001.h">
      <Filter>Header Files\steam</Filter>
    </ClInclude>
    <ClInclude Include="steam\ISteamApps002.h">
      <Filter>Header Files\steam</Filter>
    </ClInclude>
    <ClInclude Include="steam\ISteamApps003.h">
      <Filter>Header Files\steam</Filter>
    </ClInclude>
    <ClInclude Include="steam\ISteamApps004.h">
      <Filter>Header Files\steam</Filter>
    </ClInclude>
    <ClInclude Include="steam\ISteamApps005.h">
      <Filter>Header Files\steam</Filter>
    </ClInclude>
    <ClInclude Include="steam\ISteamApps006.h">
      <Filter>Header Files\steam</Filter>
    </ClInclude>
    <ClInclude Include="steam\ISteamApps007.h">
      <Filter>Header Files\steam</Filter>
    </ClInclude>
    <ClInclude Include="steam\ISteamAppTicket001.h">
      <Filter>Header Files\steam</Filter>
    </ClInclude>
    <ClInclude Include="steam\ISteamBilling001.h">
      <Filter>Header Files\steam</Filter>
    </ClInclude>
    <ClInclude Include="steam\ISteamBilling002.h">
      <Filter>Header Files\steam</Filter>
    </ClInclude>
    <ClInclude Include="steam\ISteamClient006.h">
      <Filter>Header Files\steam</Filter>
    </ClInclude>
    <ClInclude Include="steam\ISteamClient007.h">
      <Filter>Header Files\steam</Filter>
    </ClInclude>
    <ClInclude Include="steam\ISteamClient008.h">
      <Filter>Header Files\steam</Filter>
    </ClInclude>
    <ClInclude Include="steam\ISteamClient009.h">
      <Filter>Header Files\steam</Filter>
    </ClInclude>
    <ClInclude Include="steam\ISteamClient010.h">
      <Filter>Header Files\steam</Filter>
    </ClInclude>
    <ClInclude Include="steam\ISteamClient011.h">
      <Filter>Header Files\steam</Filter>
    </ClInclude>
    <ClInclude Include="steam\ISteamClient012.h">
      <Filter>Header Files\steam</Filter>
    </ClInclude>
    <ClInclude Include="steam\ISteamClient013.h">
      <Filter>Header Files\steam</Filter>
    </ClInclude>
    <ClInclude Include="steam\ISteamClient014.h">
      <Filter>Header Files\steam</Filter>
    </ClInclude>
    <ClInclude Include="steam\ISteamClient015.h">
      <Filter>Header Files\steam</Filter>
    </ClInclude>
    <ClInclude Include="steam\ISteamClient016.h">
      <Filter>Header Files\steam</Filter>
    </ClInclude>
    <ClInclude Include="steam\ISteamClient017.h">
      <Filter>Header Files\steam</Filter>
    </ClInclude>
    <ClInclude Include="steam\ISteamContentServer001.h">
      <Filter>Header Files\steam</Filter>
    </ClInclude>
    <ClInclude Include="steam\ISteamContentServer002.h">
      <Filter>Header Files\steam</Filter>
    </ClInclude>
    <ClInclude Include="steam\ISteamController001.h">
      <Filter>Header Files\steam</Filter>
    </ClInclude>
    <ClInclude Include="steam\ISteamFriends001.h">
      <Filter>Header Files\steam</Filter>
    </ClInclude>
    <ClInclude Include="steam\ISteamFriends002.h">
      <Filter>Header Files\steam</Filter>
    </ClInclude>
    <ClInclude Include="steam\ISteamFriends003.h">
      <Filter>Header Files\steam</Filter>
    </ClInclude>
    <ClInclude Include="steam\ISteamFriends004.h">
      <Filter>Header Files\steam</Filter>
    </ClInclude>
    <ClInclude Include="steam\ISteamFriends005.h">
      <Filter>Header Files\steam</Filter>
    </ClInclude>
    <ClInclude Include="steam\ISteamFriends006.h">
      <Filter>Header Files\steam</Filter>
    </ClInclude>
    <ClInclude Include="steam\ISteamFriends007.h">
      <Filter>Header Files\steam</Filter>
    </ClInclude>
    <ClInclude Include="steam\ISteamFriends008.h">
      <Filter>Header Files\steam</Filter>
    </ClInclude>
    <ClInclude Include="steam\ISteamFriends009.h">
      <Filter>Header Files\steam</Filter>
    </ClInclude>
    <ClInclude Include="steam\ISteamFriends010.h">
      <Filter>Header Files\steam</Filter>
    </ClInclude>
    <ClInclude Include="steam\ISteamFriends011.h">
      <Filter>Header Files\steam</Filter>
    </ClInclude>
    <ClInclude Include="steam\ISteamFriends012.h">
      <Filter>Header Files\steam</Filter>
    </ClInclude>
    <ClInclude Include="steam\ISteamFriends013.h">
      <Filter>Header Files\steam</Filter>
    </ClInclude>
    <ClInclude Include="steam\ISteamFriends014.h">
      <Filter>Header Files\steam</Filter>
    </ClInclude>
    <ClInclude Include="steam\ISteamFriends015.h">
      <Filter>Header Files\steam</Filter>
    </ClInclude>
    <ClInclude Include="steam\ISteamGameCoordinator001.h">
      <Filter>Header Files\steam</Filter>
    </ClInclude>
    <ClInclude Include="steam\ISteamGameServer002.h">
      <Filter>Header Files\steam</Filter>
    </ClInclude>
    <ClInclude Include="steam\ISteamGameServer003.h">
      <Filter>Header Files\steam</Filter>
    </ClInclude>
    <ClInclude Include="steam\ISteamGameServer004.h">
      <Filter>Header Files\steam</Filter>
    </ClInclude>
    <ClInclude Include="steam\ISteamGameServer005.h">
      <Filter>Header Files\steam</Filter>
    </ClInclude>
    <ClInclude Include="steam\ISteamGameServer006.h">
      <Filter>Header Files\steam</Filter>
    </ClInclude>
    <ClInclude Include="steam\ISteamGameServer007.h">
      <Filter>Header Files\steam</Filter>
    </ClInclude>
    <ClInclude Include="steam\ISteamGameServer008.h">
      <Filter>Header Files\steam</Filter>
    </ClInclude>
    <ClInclude Include="steam\ISteamGameServer009.h">
      <Filter>Header Files\steam</Filter>
    </ClInclude>
    <ClInclude Include="steam\ISteamGameServer010.h">
      <Filter>Header Files\steam</Filter>
    </ClInclude>
    <ClInclude Include="steam\ISteamGameServer011.h">
      <Filter>Header Files\steam</Filter>
    </ClInclude>
    <ClInclude Include="steam\ISteamGameServer012.h">
      <Filter>Header Files\steam</Filter>
    </ClInclude>
    <ClInclude Include="steam\ISteamGameServerStats001.h">
      <Filter>Header Files\steam</Filter>
    </ClInclude>
    <ClInclude Include="steam\ISteamGameStats001.h">
      <Filter>Header Files\steam</Filter>
    </ClInclude>
    <ClInclude Include="steam\ISteamHTTP001.h">
      <Filter>Header Files\steam</Filter>
    </ClInclude>
    <ClInclude Include="steam\ISteamHTTP002.h">
      <Filter>Header Files\steam</Filter>
    </ClInclude>
    <ClInclude Include="steam\ISteamInventory001.h">
      <Filter>Header Files\steam</Filter>
    </ClInclude>
    <ClInclude Include="steam\ISteamMasterServerUpdater001.h">
      <Filter>Header Files\steam</Filter>
    </ClInclude>
    <ClInclude Include="steam\ISteamMatchmaking001.h">
      <Filter>Header Files\steam</Filter>
    </ClInclude>
    <ClInclude Include="steam\ISteamMatchmaking002.h">
      <Filter>Header Files\steam</Filter>
    </ClInclude>
    <ClInclude Include="steam\ISteamMatchmaking003.h">
      <Filter>Header Files\steam</Filter>
    </ClInclude>
    <ClInclude Include="steam\ISteamMatchmaking004.h">
      <Filter>Header Files\steam</Filter>
    </ClInclude>
    <ClInclude Include="steam\ISteamMatchmaking005.h">
      <Filter>Header Files\steam</Filter>
    </ClInclude>
    <ClInclude Include="steam\ISteamMatchmaking006.h">
      <Filter>Header Files\steam</Filter>
    </ClInclude>
    <ClInclude Include="steam\ISteamMatchmaking007.h">
      <Filter>Header Files\steam</Filter>
    </ClInclude>
    <ClInclude Include="steam\ISteamMatchmaking008.h">
      <Filter>Header Files\steam</Filter>
    </ClInclude>
    <ClInclude Include="steam\ISteamMatchmaking009.h">
      <Filter>Header Files\steam</Filter>
    </ClInclude>
    <ClInclude Include="steam\ISteamMatchmakingServers001.h">
      <Filter>Header Files\steam</Filter>
    </ClInclude>
    <ClInclude Include="steam\ISteamMatchmakingServers002.h">
      <Filter>Header Files\steam</Filter>
    </ClInclude>
    <ClInclude Include="steam\ISteamMusic001.h">
      <Filter>Header Files\steam</Filter>
    </ClInclude>
    <ClInclude Include="steam\ISteamNetworking001.h">
      <Filter>Header Files\steam</Filter>
    </ClInclude>
    <ClInclude Include="steam\ISteamNetworking002.h">
      <Filter>Header Files\steam</Filter>
    </ClInclude>
    <ClInclude Include="steam\ISteamNetworking003.h">
      <Filter>Header Files\steam</Filter>
    </ClInclude>
    <ClInclude Include="steam\ISteamNetworking004.h">
      <Filter>Header Files\steam</Filter>
    </ClInclude>
    <ClInclude Include="steam\ISteamNetworking005.h">
      <Filter>Header Files\steam</Filter>
    </ClInclude>
    <ClInclude Include="steam\ISteamOAuth001.h">
      <Filter>Header Files\steam</Filter>
    </ClInclude>
    <ClInclude Include="steam\ISteamRemoteStorage001.h">
      <Filter>Header Files\steam</Filter>
    </ClInclude>
    <ClInclude Include="steam\ISteamRemoteStorage002.h">
      <Filter>Header Files\steam</Filter>
    </ClInclude>
    <ClInclude Include="steam\ISteamRemoteStorage003.h">
      <Filter>Header Files\steam</Filter>
    </ClInclude>
    <ClInclude Include="steam\ISteamRemoteStorage004.h">
      <Filter>Header Files\steam</Filter>
    </ClInclude>
    <ClInclude Include="steam\ISteamRemoteStorage005.h">
      <Filter>Header Files\steam</Filter>
    </ClInclude>
    <ClInclude Include="steam\ISteamRemoteStorage006.h">
      <Filter>Header Files\steam</Filter>
    </ClInclude>
    <ClInclude Include="steam\ISteamRemoteStorage007.h">
      <Filter>Header Files\steam</Filter>
    </ClInclude>
    <ClInclude Include="steam\ISteamRemoteStorage008.h">
      <Filter>Header Files\steam</Filter>
    </ClInclude>
    <ClInclude Include="steam\ISteamRemoteStorage009.h">
      <Filter>Header Files\steam</Filter>
    </ClInclude>
    <ClInclude Include="steam\ISteamRemoteStorage010.h">
      <Filter>Header Files\steam</Filter>
    </ClInclude>
    <ClInclude Include="steam\ISteamRemoteStorage011.h">
      <Filter>Header Files\steam</Filter>
    </ClInclude>
    <ClInclude Include="steam\ISteamRemoteStorage012.h">
      <Filter>Header Files\steam</Filter>
    </ClInclude>
    <ClInclude Include="steam\ISteamScreenshots001.h">
      <Filter>Header Files\steam</Filter>
    </ClInclude>
    <ClInclude Include="steam\ISteamScreenshots002.h">
      <Filter>Header Files\steam</Filter>
    </ClInclude>
    <ClInclude Include="steam\ISteamStreamLauncher001.h">
      <Filter>Header Files\steam</Filter>
    </ClInclude>
    <ClInclude Include="steam\ISteamUGC001.h">
      <Filter>Header Files\steam</Filter>
    </ClInclude>
    <ClInclude Include="steam\ISteamUGC002.h">
      <Filter>Header Files\steam</Filter>
    </ClInclude>
    <ClInclude Include="steam\ISteamUGC003.h">
      <Filter>Header Files\steam</Filter>
    </ClInclude>
    <ClInclude Include="steam\ISteamUnifiedMessages001.h">
      <Filter>Header Files\steam</Filter>
    </ClInclude>
    <ClInclude Include="steam\ISteamUser004.h">
      <Filter>Header Files\steam</Filter>
    </ClInclude>
    <ClInclude Include="steam\ISteamUser005.h">
      <Filter>Header Files\steam</Filter>
    </ClInclude>
    <ClInclude Include="steam\ISteamUser006.h">
      <Filter>Header Files\steam</Filter>
    </ClInclude>
    <ClInclude Include="steam\ISteamUser007.h">
      <Filter>Header Files\steam</Filter>
    </ClInclude>
    <ClInclude Include="steam\ISteamUser008.h">
      <Filter>Header Files\steam</Filter>
    </ClInclude>
    <ClInclude Include="steam\ISteamUser009.h">
      <Filter>Header Files\steam</Filter>
    </ClInclude>
    <ClInclude Include="steam\ISteamUser010.h">
      <Filter>Header Files\steam</Filter>
    </ClInclude>
    <ClInclude Include="steam\ISteamUser011.h">
      <Filter>Header Files\steam</Filter>
    </ClInclude>
    <ClInclude Include="steam\ISteamUser012.h">
      <Filter>Header Files\steam</Filter>
    </ClInclude>
    <ClInclude Include="steam\ISteamUser013.h">
      <Filter>Header Files\steam</Filter>
    </ClInclude>
    <ClInclude Include="steam\ISteamUser014.h">
      <Filter>Header Files\steam</Filter>
    </ClInclude>
    <ClInclude Include="steam\ISteamUser015.h">
      <Filter>Header Files\steam</Filter>
    </ClInclude>
    <ClInclude Include="steam\ISteamUser016.h">
      <Filter>Header Files\steam</Filter>
    </ClInclude>
    <ClInclude Include="steam\ISteamUser017.h">
      <Filter>Header Files\steam</Filter>
    </ClInclude>
    <ClInclude Include="steam\ISteamUserStats001.h">
      <Filter>Header Files\steam</Filter>
    </ClInclude>
    <ClInclude Include="steam\ISteamUserStats002.h">
      <Filter>Header Files\steam</Filter>
    </ClInclude>
    <ClInclude Include="steam\ISteamUserStats003.h">
      <Filter>Header Files\steam</Filter>
    </ClInclude>
    <ClInclude Include="steam\ISteamUserStats004.h">
      <Filter>Header Files\steam</Filter>
    </ClInclude>
    <ClInclude Include="steam\ISteamUserStats005.h">
      <Filter>Header Files\steam</Filter>
    </ClInclude>
    <ClInclude Include="steam\ISteamUserStats006.h">
      <Filter>Header Files\steam</Filter>
    </ClInclude>
    <ClInclude Include="steam\ISteamUserStats007.h">
      <Filter>Header Files\steam</Filter>
    </ClInclude>
    <ClInclude Include="steam\ISteamUserStats008.h">
      <Filter>Header Files\steam</Filter>
    </ClInclude>
    <ClInclude Include="steam\ISteamUserStats009.h">
      <Filter>Header Files\steam</Filter>
    </ClInclude>
    <ClInclude Include="steam\ISteamUserStats010.h">
      <Filter>Header Files\steam</Filter>
    </ClInclude>
    <ClInclude Include="steam\ISteamUserStats011.h">
      <Filter>Header Files\steam</Filter>
    </ClInclude>
    <ClInclude Include="steam\ISteamUtils001.h">
      <Filter>Header Files\steam</Filter>
    </ClInclude>
    <ClInclude Include="steam\ISteamUtils002.h">
      <Filter>Header Files\steam</Filter>
    </ClInclude>
    <ClInclude Include="steam\ISteamUtils003.h">
      <Filter>Header Files\steam</Filter>
    </ClInclude>
    <ClInclude Include="steam\ISteamUtils004.h">
      <Filter>Header Files\steam</Filter>
    </ClInclude>
    <ClInclude Include="steam\ISteamUtils005.h">
      <Filter>Header Files\steam</Filter>
    </ClInclude>
    <ClInclude Include="steam\ISteamUtils006.h">
      <Filter>Header Files\steam</Filter>
    </ClInclude>
    <ClInclude Include="steam\ISteamUtils007.h">
      <Filter>Header Files\steam</Filter>
    </ClInclude>
    <ClInclude Include="steam\MasterServerUpdaterCommon.h">
      <Filter>Header Files\steam</Filter>
    </ClInclude>
    <ClInclude Include="steam\MatchmakingCommon.h">
      <Filter>Header Files\steam</Filter>
    </ClInclude>
    <ClInclude Include="steam\MatchMakingKeyValuePair.h">
      <Filter>Header Files\steam</Filter>
    </ClInclude>
    <ClInclude Include="steam\MatchmakingServersCommon.h">
      <Filter>Header Files\steam</Filter>
    </ClInclude>
    <ClInclude Include="steam\MusicCommon.h">
      <Filter>Header Files\steam</Filter>
    </ClInclude>
    <ClInclude Include="steam\NetworkingCommon.h">
      <Filter>Header Files\steam</Filter>
    </ClInclude>
    <ClInclude Include="steam\OAuthCommon.h">
      <Filter>Header Files\steam</Filter>
    </ClInclude>
    <ClInclude Include="steam\POSIXLibrary.h">
      <Filter>Header Files\steam</Filter>
    </ClInclude>
    <ClInclude Include="steam\RemoteStorageCommon.h">
      <Filter>Header Files\steam</Filter>
    </ClInclude>
    <ClInclude Include="steam\ScreenshotsCommon.h">
      <Filter>Header Files\steam</Filter>
    </ClInclude>
    <ClInclude Include="steam\servernetadr.h">
      <Filter>Header Files\steam</Filter>
    </ClInclude>
    <ClInclude Include="steam\Steam.h">
      <Filter>Header Files\steam</Filter>
    </ClInclude>
    <ClInclude Include="steam\SteamAPI.h">
      <Filter>Header Files\steam</Filter>
    </ClInclude>
    <ClInclude Include="steam\Steamclient.h">
      <Filter>Header Files\steam</Filter>
    </ClInclude>
    <ClInclude Include="steam\SteamclientAPI.h">
      <Filter>Header Files\steam</Filter>
    </ClInclude>
    <ClInclude Include="steam\SteamSalt.h">
      <Filter>Header Files\steam</Filter>
    </ClInclude>
    <ClInclude Include="steam\SteamTypes.h">
      <Filter>Header Files\steam</Filter>
    </ClInclude>
    <ClInclude Include="steam\Steamworks.h">
      <Filter>Header Files\steam</Filter>
    </ClInclude>
    <ClInclude Include="steam\StreamLauncherCommon.h">
      <Filter>Header Files\steam</Filter>
    </ClInclude>
    <ClInclude Include="steam\TSteamApp.h">
      <Filter>Header Files\steam</Filter>
    </ClInclude>
    <ClInclude Include="steam\TSteamAppDependencyInfo.h">
      <Filter>Header Files\steam</Filter>
    </ClInclude>
    <ClInclude Include="steam\TSteamAppLaunchOption.h">
      <Filter>Header Files\steam</Filter>
    </ClInclude>
    <ClInclude Include="steam\TSteamAppStats.h">
      <Filter>Header Files\steam</Filter>
    </ClInclude>
    <ClInclude Include="steam\TSteamAppVersion.h">
      <Filter>Header Files\steam</Filter>
    </ClInclude>
    <ClInclude Include="steam\TSteamDiscountQualifier.h">
      <Filter>Header Files\steam</Filter>
    </ClInclude>
    <ClInclude Include="steam\TSteamElemInfo.h">
      <Filter>Header Files\steam</Filter>
    </ClInclude>
    <ClInclude Include="steam\TSteamError.h">
      <Filter>Header Files\steam</Filter>
    </ClInclude>
    <ClInclude Include="steam\TSteamExternalBillingInfo.h">
      <Filter>Header Files\steam</Filter>
    </ClInclude>
    <ClInclude Include="steam\TSteamGlobalUserID.h">
      <Filter>Header Files\steam</Filter>
    </ClInclude>
    <ClInclude Include="steam\TSteamOfflineStatus.h">
      <Filter>Header Files\steam</Filter>
    </ClInclude>
    <ClInclude Include="steam\TSteamPaymentCardInfo.h">
      <Filter>Header Files\steam</Filter>
    </ClInclude>
    <ClInclude Include="steam\TSteamPaymentCardReceiptInfo.h">
      <Filter>Header Files\steam</Filter>
    </ClInclude>
    <ClInclude Include="steam\TSteamPrepurchaseInfo.h">
      <Filter>Header Files\steam</Filter>
    </ClInclude>
    <ClInclude Include="steam\TSteamPrepurchaseReceiptInfo.h">
      <Filter>Header Files\steam</Filter>
    </ClInclude>
    <ClInclude Include="steam\TSteamProgress.h">
      <Filter>Header Files\steam</Filter>
    </ClInclude>
    <ClInclude Include="steam\TSteamSplitLocalUserID.h">
      <Filter>Header Files\steam</Filter>
    </ClInclude>
    <ClInclude Include="steam\TSteamSubscription.h">
      <Filter>Header Files\steam</Filter>
    </ClInclude>
    <ClInclude Include="steam\TSteamSubscriptionBillingInfo.h">
      <Filter>Header Files\steam</Filter>
    </ClInclude>
    <ClInclude Include="steam\TSteamSubscriptionDiscount.h">
      <Filter>Header Files\steam</Filter>
    </ClInclude>
    <ClInclude Include="steam\TSteamSubscriptionReceipt.h">
      <Filter>Header Files\steam</Filter>
    </ClInclude>
    <ClInclude Include="steam\TSteamSubscriptionStats.h">
      <Filter>Header Files\steam</Filter>
    </ClInclude>
    <ClInclude Include="steam\TSteamUpdateStats.h">
      <Filter>Header Files\steam</Filter>
    </ClInclude>
    <ClInclude Include="steam\UGCCommon.h">
      <Filter>Header Files\steam</Filter>
    </ClInclude>
    <ClInclude Include="steam\UnifiedMessagesCommon.h">
      <Filter>Header Files\steam</Filter>
    </ClInclude>
    <ClInclude Include="steam\UserCommon.h">
      <Filter>Header Files\steam</Filter>
    </ClInclude>
    <ClInclude Include="steam\UserStatsCommon.h">
      <Filter>Header Files\steam</Filter>
    </ClInclude>
    <ClInclude Include="steam\UtilsCommon.h">
      <Filter>Header Files\steam</Filter>
    </ClInclude>
    <ClInclude Include="steam\Win32Library.h">
      <Filter>Header Files\steam</Filter>
    </ClInclude>
    <ClInclude Include="plugin\SteamAPI.h">
      <Filter>Header Files\plugin</Filter>
    </ClInclude>
    <ClInclude Include="mk\Scaleform.h">
      <Filter>Header Files\mk</Filter>
    </ClInclude>
    <ClInclude Include="mk\MKScript.h">
      <Filter>Header Files\mk</Filter>
    </ClInclude>
    <ClInclude Include="mk\ContentDefinition.h">
      <Filter>Header Files\mk</Filter>
    </ClInclude>
    <ClInclude Include="unreal\UObject.h">
      <Filter>Header Files\unreal</Filter>
    </ClInclude>
    <ClInclude Include="unreal\UWorld.h">
      <Filter>Header Files\unreal</Filter>
    </ClInclude>
    <ClInclude Include="unreal\ULevel.h">
      <Filter>Header Files\unreal</Filter>
    </ClInclude>
    <ClInclude Include="mk\MKModifier.h">
      <Filter>Header Files\mk</Filter>
    </ClInclude>
  </ItemGroup>
  <ItemGroup>
    <ClCompile Include="dllmain.cpp">
      <Filter>Source Files</Filter>
    </ClCompile>
    <ClCompile Include="pch.cpp">
      <Filter>Source Files</Filter>
    </ClCompile>
    <ClCompile Include="utils\addr.cpp">
      <Filter>Header Files\utils</Filter>
    </ClCompile>
    <ClCompile Include="utils\IniReader.cpp">
      <Filter>Header Files\utils</Filter>
    </ClCompile>
    <ClCompile Include="utils\Patterns.cpp">
      <Filter>Header Files\utils</Filter>
    </ClCompile>
    <ClCompile Include="plugin\API.cpp">
      <Filter>Header Files\plugin</Filter>
    </ClCompile>
    <ClCompile Include="plugin\Hooks.cpp">
      <Filter>Header Files\plugin</Filter>
    </ClCompile>
    <ClCompile Include="plugin\Menu.cpp">
      <Filter>Header Files\plugin</Filter>
    </ClCompile>
    <ClCompile Include="plugin\PatternSolver.cpp">
      <Filter>Header Files\plugin</Filter>
    </ClCompile>
    <ClCompile Include="plugin\PluginInterface.cpp">
      <Filter>Header Files\plugin</Filter>
    </ClCompile>
    <ClCompile Include="plugin\Settings.cpp">
      <Filter>Header Files\plugin</Filter>
    </ClCompile>
    <ClCompile Include="gui\dx12hook.cpp">
      <Filter>Header Files\gui</Filter>
    </ClCompile>
    <ClCompile Include="gui\gui_impl.cpp">
      <Filter>Header Files\gui</Filter>
    </ClCompile>
    <ClCompile Include="gui\log.cpp">
      <Filter>Header Files\gui</Filter>
    </ClCompile>
    <ClCompile Include="gui\notifications.cpp">
      <Filter>Header Files\gui</Filter>
    </ClCompile>
    <ClCompile Include="gui\imgui\imgui.cpp">
      <Filter>Header Files\gui\imgui</Filter>
    </ClCompile>
    <ClCompile Include="gui\imgui\imgui_demo.cpp">
      <Filter>Header Files\gui\imgui</Filter>
    </ClCompile>
    <ClCompile Include="gui\imgui\imgui_draw.cpp">
      <Filter>Header Files\gui\imgui</Filter>
    </ClCompile>
    <ClCompile Include="gui\imgui\imgui_impl_dx11.cpp">
      <Filter>Header Files\gui\imgui</Filter>
    </ClCompile>
    <ClCompile Include="gui\imgui\imgui_impl_dx12.cpp">
      <Filter>Header Files\gui\imgui</Filter>
    </ClCompile>
    <ClCompile Include="gui\imgui\imgui_impl_win32.cpp">
      <Filter>Header Files\gui\imgui</Filter>
    </ClCompile>
    <ClCompile Include="gui\imgui\imgui_tables.cpp">
      <Filter>Header Files\gui\imgui</Filter>
    </ClCompile>
    <ClCompile Include="gui\imgui\imgui_widgets.cpp">
      <Filter>Header Files\gui\imgui</Filter>
    </ClCompile>
    <ClCompile Include="helper\eGamepadManager.cpp">
      <Filter>Header Files\helper</Filter>
    </ClCompile>
    <ClCompile Include="helper\eKeyboardMan.cpp">
      <Filter>Header Files\helper</Filter>
    </ClCompile>
    <ClCompile Include="helper\eMath.cpp">
      <Filter>Header Files\helper</Filter>
    </ClCompile>
    <ClCompile Include="helper\eMouse.cpp">
      <Filter>Header Files\helper</Filter>
    </ClCompile>
    <ClCompile Include="minhook\src\buffer.c">
      <Filter>Header Files\minhook</Filter>
    </ClCompile>
    <ClCompile Include="minhook\src\hook.c">
      <Filter>Header Files\minhook</Filter>
    </ClCompile>
    <ClCompile Include="minhook\src\trampoline.c">
      <Filter>Header Files\minhook</Filter>
    </ClCompile>
    <ClCompile Include="minhook\src\hde\hde32.c">
      <Filter>Header Files\minhook</Filter>
    </ClCompile>
    <ClCompile Include="minhook\src\hde\hde64.c">
      <Filter>Header Files\minhook</Filter>
    </ClCompile>
    <ClCompile Include="unreal\FMath.cpp">
      <Filter>Header Files\unreal</Filter>
    </ClCompile>
    <ClCompile Include="unreal\FMatrix.cpp">
      <Filter>Header Files\unreal</Filter>
    </ClCompile>
    <ClCompile Include="unreal\FName.cpp">
      <Filter>Header Files\unreal</Filter>
    </ClCompile>
    <ClCompile Include="unreal\SkeletalMesh.cpp">
      <Filter>Header Files\unreal</Filter>
    </ClCompile>
    <ClCompile Include="mk\CharacterDefinition.cpp">
      <Filter>Header Files\mk</Filter>
    </ClCompile>
    <ClCompile Include="mk\Engine.cpp">
      <Filter>Header Files\mk</Filter>
    </ClCompile>
    <ClCompile Include="mk\GameInfo.cpp">
      <Filter>Header Files\mk</Filter>
    </ClCompile>
    <ClCompile Include="mk\MKCamera.cpp">
      <Filter>Header Files\mk</Filter>
    </ClCompile>
    <ClCompile Include="mk\MKObject.cpp">
      <Filter>Header Files\mk</Filter>
    </ClCompile>
    <ClCompile Include="unreal\FEngineLoop.cpp">
      <Filter>Header Files\unreal</Filter>
    </ClCompile>
    <ClCompile Include="mk\MissionInfo.cpp">
      <Filter>Header Files\mk</Filter>
    </ClCompile>
    <ClCompile Include="unreal\FString.cpp">
      <Filter>Header Files\unreal</Filter>
    </ClCompile>
    <ClCompile Include="mk\MKCharacter.cpp">
      <Filter>Header Files\mk</Filter>
    </ClCompile>
    <ClCompile Include="plugin\SteamAPI.cpp">
      <Filter>Header Files\plugin</Filter>
    </ClCompile>
    <ClCompile Include="mk\Scaleform.cpp">
      <Filter>Header Files\mk</Filter>
    </ClCompile>
    <ClCompile Include="mk\MKScript.cpp">
      <Filter>Header Files\mk</Filter>
    </ClCompile>
    <ClCompile Include="mk\ContentDefinition.cpp">
      <Filter>Header Files\mk</Filter>
    </ClCompile>
    <ClCompile Include="unreal\UObject.cpp">
      <Filter>Header Files\unreal</Filter>
    </ClCompile>
    <ClCompile Include="mk\PlayerInfo.cpp">
      <Filter>Header Files\mk</Filter>
    </ClCompile>
    <ClCompile Include="unreal\UWorld.cpp">
      <Filter>Header Files\unreal</Filter>
    </ClCompile>
    <ClCompile Include="mk\FightingTeamDefinition.cpp">
      <Filter>Header Files\mk</Filter>
    </ClCompile>
    <ClCompile Include="mk\MKModifier.cpp">
      <Filter>Header Files\mk</Filter>
    </ClCompile>
    <ClCompile Include="plugin\ModifierList.cpp">
      <Filter>Header Files\plugin</Filter>
    </ClCompile>
  </ItemGroup>
  <ItemGroup>
    <None Include="..\README.md">
      <Filter>Resource Files</Filter>
    </None>
  </ItemGroup>
  <ItemGroup>
    <ResourceCompile Include="MK1Hook.rc">
      <Filter>Resource Files</Filter>
    </ResourceCompile>
  </ItemGroup>
</Project>